// !$*UTF8*$!
{
	archiveVersion = 1;
	classes = {
	};
	objectVersion = 46;
	objects = {

/* Begin PBXBuildFile section */
		006D720419952D00008149E2 /* AVFoundation.framework in Frameworks */ = {isa = PBXBuildFile; fileRef = 006D720219952D00008149E2 /* AVFoundation.framework */; };
		006D720519952D00008149E2 /* CoreMedia.framework in Frameworks */ = {isa = PBXBuildFile; fileRef = 006D720319952D00008149E2 /* CoreMedia.framework */; };
		0091D8F90E81B9330029341E /* OpenGL.framework in Frameworks */ = {isa = PBXBuildFile; fileRef = 0091D8F80E81B9330029341E /* OpenGL.framework */; };
		00B784B30FF439BC000DE1D7 /* Accelerate.framework in Frameworks */ = {isa = PBXBuildFile; fileRef = 00B784AF0FF439BC000DE1D7 /* Accelerate.framework */; };
		00B784B40FF439BC000DE1D7 /* AudioToolbox.framework in Frameworks */ = {isa = PBXBuildFile; fileRef = 00B784B00FF439BC000DE1D7 /* AudioToolbox.framework */; };
		00B784B50FF439BC000DE1D7 /* AudioUnit.framework in Frameworks */ = {isa = PBXBuildFile; fileRef = 00B784B10FF439BC000DE1D7 /* AudioUnit.framework */; };
		00B784B60FF439BC000DE1D7 /* CoreAudio.framework in Frameworks */ = {isa = PBXBuildFile; fileRef = 00B784B20FF439BC000DE1D7 /* CoreAudio.framework */; };
		0432C1604DCE4E89B2E2EADA /* ComponentBase.cpp in Sources */ = {isa = PBXBuildFile; fileRef = DBD28148FFBB4EB3BF570A33 /* ComponentBase.cpp */; };
		155CC9333F814580B0236FCB /* AppSceneBase.cpp in Sources */ = {isa = PBXBuildFile; fileRef = 1E7CD7887F294B7986A28128 /* AppSceneBase.cpp */; };
		167A4B8BCB47437D9BFC5247 /* usb_libusb10.c in Sources */ = {isa = PBXBuildFile; fileRef = 6C5D2DD9BE2449B580F9C07C /* usb_libusb10.c */; };
		1D008183743C450585D32E15 /* Kinect_Component_testApp.cpp in Sources */ = {isa = PBXBuildFile; fileRef = B27D6BFA8C494ED1BE199D5D /* Kinect_Component_testApp.cpp */; };
		21BA9AAAF9DD43B28252C0B0 /* ConfigManager.cpp in Sources */ = {isa = PBXBuildFile; fileRef = 1F8BEE1DBA844AEDB7ED9F26 /* ConfigManager.cpp */; };
		3F0BA261E21D4289813A9B97 /* Scenes.cpp in Sources */ = {isa = PBXBuildFile; fileRef = 579CA5DDB34A44B087B25B0B /* Scenes.cpp */; };
		4076F834243A45DA8C82451C /* CameraComponent.cpp in Sources */ = {isa = PBXBuildFile; fileRef = 7945591E0A0D421EB212870D /* CameraComponent.cpp */; };
		44CD1FFC2B2A4981B03FE63B /* FactoryBase.cpp in Sources */ = {isa = PBXBuildFile; fileRef = 11637E36E6484346B3E25C11 /* FactoryBase.cpp */; };
		48107E18C4914AD39B7BFC57 /* Controller.cpp in Sources */ = {isa = PBXBuildFile; fileRef = 190A1928D5F94E56BF23EC8D /* Controller.cpp */; };
		4B7AE683437F49349A63D2EC /* cameras.c in Sources */ = {isa = PBXBuildFile; fileRef = 2C6664D1A607445397CC49CA /* cameras.c */; };
		4F017F871B174DA9006F60F8 /* TunnelComponent.cpp in Sources */ = {isa = PBXBuildFile; fileRef = 4F017F861B174DA9006F60F8 /* TunnelComponent.cpp */; };
		4F017F8A1B1760EB006F60F8 /* tunnel_basic.frag in Resources */ = {isa = PBXBuildFile; fileRef = 4F017F881B1760EB006F60F8 /* tunnel_basic.frag */; };
		4F017F8B1B1760EB006F60F8 /* tunnel_basic.vert in Resources */ = {isa = PBXBuildFile; fileRef = 4F017F891B1760EB006F60F8 /* tunnel_basic.vert */; };
		4F07072F1B1816B700A7A450 /* tunnel_basic.geom in Resources */ = {isa = PBXBuildFile; fileRef = 4F07072E1B1816B700A7A450 /* tunnel_basic.geom */; };
		4F0707321B181A3600A7A450 /* TunnelScene.cpp in Sources */ = {isa = PBXBuildFile; fileRef = 4F0707311B181A3600A7A450 /* TunnelScene.cpp */; };
		4F0707351B181CED00A7A450 /* tunnel_shadow.frag in Resources */ = {isa = PBXBuildFile; fileRef = 4F0707331B181CED00A7A450 /* tunnel_shadow.frag */; };
		4F0707361B181CED00A7A450 /* tunnel_shadow.vert in Resources */ = {isa = PBXBuildFile; fileRef = 4F0707341B181CED00A7A450 /* tunnel_shadow.vert */; };
		4F0707381B18239500A7A450 /* simplex_noise.glsl in Resources */ = {isa = PBXBuildFile; fileRef = 4F0707371B18239500A7A450 /* simplex_noise.glsl */; };
		4F07073A1B18240C00A7A450 /* linear_map.glsl in Resources */ = {isa = PBXBuildFile; fileRef = 4F0707391B18240C00A7A450 /* linear_map.glsl */; };
		4F07073F1B18A7E300A7A450 /* GBuffer.cpp in Sources */ = {isa = PBXBuildFile; fileRef = 4F07073E1B18A7E300A7A450 /* GBuffer.cpp */; };
		4F0707451B18A92000A7A450 /* PassBase.cpp in Sources */ = {isa = PBXBuildFile; fileRef = 4F0707441B18A92000A7A450 /* PassBase.cpp */; };
		4F0707481B18B58100A7A450 /* LightPass.cpp in Sources */ = {isa = PBXBuildFile; fileRef = 4F0707471B18B58100A7A450 /* LightPass.cpp */; };
		4F07074A1B18C0FB00A7A450 /* GBufferPass.cpp in Sources */ = {isa = PBXBuildFile; fileRef = 4F0707491B18C0FB00A7A450 /* GBufferPass.cpp */; };
		4F07074E1B18C24600A7A450 /* ShadowPass.cpp in Sources */ = {isa = PBXBuildFile; fileRef = 4F07074D1B18C24600A7A450 /* ShadowPass.cpp */; };
		4F0707501B18C36A00A7A450 /* ComponentTemplate.cpp in Sources */ = {isa = PBXBuildFile; fileRef = 4F07074F1B18C36A00A7A450 /* ComponentTemplate.cpp */; };
		4F0707541B18C67600A7A450 /* RenderManager.cpp in Sources */ = {isa = PBXBuildFile; fileRef = 4F0707531B18C67600A7A450 /* RenderManager.cpp */; };
		4F0707561B18F2FD00A7A450 /* ss_lighting.vert in Resources */ = {isa = PBXBuildFile; fileRef = 4F0707551B18F2FD00A7A450 /* ss_lighting.vert */; };
		4F0707581B18F30800A7A450 /* ss_lighting.frag in Resources */ = {isa = PBXBuildFile; fileRef = 4F0707571B18F30800A7A450 /* ss_lighting.frag */; };
		4F07075A1B18F3C100A7A450 /* gbuffer_util.glsl in Resources */ = {isa = PBXBuildFile; fileRef = 4F0707591B18F3C100A7A450 /* gbuffer_util.glsl */; };
		4F07075C1B18F73B00A7A450 /* material_util.glsl in Resources */ = {isa = PBXBuildFile; fileRef = 4F07075B1B18F73B00A7A450 /* material_util.glsl */; };
		4F07075E1B18F7A100A7A450 /* tunnel_geometry.vert in Resources */ = {isa = PBXBuildFile; fileRef = 4F07075D1B18F7A100A7A450 /* tunnel_geometry.vert */; };
		4F0707601B18F7AE00A7A450 /* tunnel_geometry.geom in Resources */ = {isa = PBXBuildFile; fileRef = 4F07075F1B18F7AE00A7A450 /* tunnel_geometry.geom */; };
		4F0707621B18F7BA00A7A450 /* tunnel_geometry.frag in Resources */ = {isa = PBXBuildFile; fileRef = 4F0707611B18F7BA00A7A450 /* tunnel_geometry.frag */; };
		4F0707641B191E9900A7A450 /* FXAAPass.cpp in Sources */ = {isa = PBXBuildFile; fileRef = 4F0707631B191E9800A7A450 /* FXAAPass.cpp */; };
		4F0707671B19245100A7A450 /* fxaa.frag in Resources */ = {isa = PBXBuildFile; fileRef = 4F0707661B19245100A7A450 /* fxaa.frag */; };
		4F0707691B19248800A7A450 /* pass.vert in Resources */ = {isa = PBXBuildFile; fileRef = 4F0707681B19248800A7A450 /* pass.vert */; };
		4F7F74A51B14B3AE001E4B82 /* GUIManager.cpp in Sources */ = {isa = PBXBuildFile; fileRef = 4F7F74A41B14B3AE001E4B82 /* GUIManager.cpp */; };
		4FBEC3EA1B11544900C59BA4 /* config.json in Resources */ = {isa = PBXBuildFile; fileRef = 4FBEC3E61B11544900C59BA4 /* config.json */; };
		4FBEC3EB1B11544900C59BA4 /* lighting.frag in Resources */ = {isa = PBXBuildFile; fileRef = 4FBEC3E81B11544900C59BA4 /* lighting.frag */; };
		4FBEC3EC1B11544900C59BA4 /* lighting.vert in Resources */ = {isa = PBXBuildFile; fileRef = 4FBEC3E91B11544900C59BA4 /* lighting.vert */; };
		4FBEC3EF1B1158F300C59BA4 /* KinectComponent.cpp in Sources */ = {isa = PBXBuildFile; fileRef = 4FBEC3EE1B1158F300C59BA4 /* KinectComponent.cpp */; };
		4FBEC3F11B115A3000C59BA4 /* kinect_lighting.vert in Resources */ = {isa = PBXBuildFile; fileRef = 4FBEC3F01B115A3000C59BA4 /* kinect_lighting.vert */; };
		4FBEC3F31B115A3D00C59BA4 /* kinect_lighting.frag in Resources */ = {isa = PBXBuildFile; fileRef = 4FBEC3F21B115A3D00C59BA4 /* kinect_lighting.frag */; };
		4FBEC3F51B115A5200C59BA4 /* kinect_shadow.geom in Resources */ = {isa = PBXBuildFile; fileRef = 4FBEC3F41B115A5200C59BA4 /* kinect_shadow.geom */; };
		4FBEC3F71B115A6200C59BA4 /* kinect_shadow.vert in Resources */ = {isa = PBXBuildFile; fileRef = 4FBEC3F61B115A6200C59BA4 /* kinect_shadow.vert */; };
		4FBEC3F91B115A7E00C59BA4 /* kinect_lighting.geom in Resources */ = {isa = PBXBuildFile; fileRef = 4FBEC3F81B115A7E00C59BA4 /* kinect_lighting.geom */; };
		4FBEC3FC1B115C1F00C59BA4 /* kinect_util.glsl in Resources */ = {isa = PBXBuildFile; fileRef = 4FBEC3FA1B115C1F00C59BA4 /* kinect_util.glsl */; };
		4FBEC3FD1B115C1F00C59BA4 /* curl_noise.glsl in Resources */ = {isa = PBXBuildFile; fileRef = 4FBEC3FB1B115C1F00C59BA4 /* curl_noise.glsl */; };
		4FBEC3FF1B115F3000C59BA4 /* lighting_util.glsl in Resources */ = {isa = PBXBuildFile; fileRef = 4FBEC3FE1B115F3000C59BA4 /* lighting_util.glsl */; };
		4FBEC4011B11628700C59BA4 /* kinect_shadow.frag in Resources */ = {isa = PBXBuildFile; fileRef = 4FBEC4001B11628700C59BA4 /* kinect_shadow.frag */; };
		4FBEC4041B1257AB00C59BA4 /* BitComponent.cpp in Sources */ = {isa = PBXBuildFile; fileRef = 4FBEC4031B1257AB00C59BA4 /* BitComponent.cpp */; };
		4FBEC4061B12599500C59BA4 /* bit.vert in Resources */ = {isa = PBXBuildFile; fileRef = 4FBEC4051B12599500C59BA4 /* bit.vert */; };
		4FBEC4081B12599D00C59BA4 /* bit.frag in Resources */ = {isa = PBXBuildFile; fileRef = 4FBEC4071B12599D00C59BA4 /* bit.frag */; };
		4FBEC40A1B1259A700C59BA4 /* bit_shadow.vert in Resources */ = {isa = PBXBuildFile; fileRef = 4FBEC4091B1259A700C59BA4 /* bit_shadow.vert */; };
		4FBEC40C1B1259B000C59BA4 /* bit_shadow.frag in Resources */ = {isa = PBXBuildFile; fileRef = 4FBEC40B1B1259B000C59BA4 /* bit_shadow.frag */; };
		4FBEC40E1B136EAA00C59BA4 /* bit.geom in Resources */ = {isa = PBXBuildFile; fileRef = 4FBEC40D1B136EAA00C59BA4 /* bit.geom */; };
		5323E6B20EAFCA74003A9687 /* CoreVideo.framework in Frameworks */ = {isa = PBXBuildFile; fileRef = 5323E6B10EAFCA74003A9687 /* CoreVideo.framework */; };
		5323E6B60EAFCA7E003A9687 /* QTKit.framework in Frameworks */ = {isa = PBXBuildFile; fileRef = 5323E6B50EAFCA7E003A9687 /* QTKit.framework */; };
		54427083246D4B7687B80CAD /* EventManager.cpp in Sources */ = {isa = PBXBuildFile; fileRef = E2060C9AD78D43A99FB9D2C2 /* EventManager.cpp */; };
		55D918D8DE774A5EA3CB648C /* core.c in Sources */ = {isa = PBXBuildFile; fileRef = A9E0F7DBDDE44C8AAD2F0075 /* core.c */; };
		564179760D6B4A33AD69D902 /* FrustumCullComponent.cpp in Sources */ = {isa = PBXBuildFile; fileRef = 8372203BE7B34FB1A88DE8D3 /* FrustumCullComponent.cpp */; };
		598712FD452B4E57977E9FFA /* Actor.cpp in Sources */ = {isa = PBXBuildFile; fileRef = FD2957154AF04A849EB5A871 /* Actor.cpp */; };
		5C96CBDF827D49368B254F4D /* Events.cpp in Sources */ = {isa = PBXBuildFile; fileRef = 4A89D04AEB254A4CA9CEDDD7 /* Events.cpp */; };
		5F65C9EFA7164CAE96D43E7C /* LightComponent.cpp in Sources */ = {isa = PBXBuildFile; fileRef = 57D832B8EF2640A7B81272E8 /* LightComponent.cpp */; };
		65757387062B415F8A051562 /* TransformComponent.cpp in Sources */ = {isa = PBXBuildFile; fileRef = AD2D6398C06140D0B19BB612 /* TransformComponent.cpp */; };
		671126747FAA4A35A89DC7BB /* Scene.cpp in Sources */ = {isa = PBXBuildFile; fileRef = C46FDAE648EE414189CC50D1 /* Scene.cpp */; };
		6A653175921F4670AB95150B /* LightManager.cpp in Sources */ = {isa = PBXBuildFile; fileRef = 69892561316449B1BDA3D4B7 /* LightManager.cpp */; };
		7FA9478E34E34C08846F2BBF /* Light.cpp in Sources */ = {isa = PBXBuildFile; fileRef = 8968DB730BC44FB7A84AFCFA /* Light.cpp */; };
		81BFDA4A0D70452AB4FF2B26 /* CinderFreenect.cpp in Sources */ = {isa = PBXBuildFile; fileRef = 84F2DD17B37A4425BE38C09F /* CinderFreenect.cpp */; };
		8406CA5109C84446882AB3A2 /* SystemEvents.cpp in Sources */ = {isa = PBXBuildFile; fileRef = B374C2C76EF54DB4A3A51541 /* SystemEvents.cpp */; };
		8D11072F0486CEB800E47090 /* Cocoa.framework in Frameworks */ = {isa = PBXBuildFile; fileRef = 1058C7A1FEA54F0111CA2CBB /* Cocoa.framework */; };
		9018B6E694D74D54B6318678 /* CameraManager.cpp in Sources */ = {isa = PBXBuildFile; fileRef = E555FFE23877425E9661D5BF /* CameraManager.cpp */; };
		9524F7EB8CDA4270A2FB38D9 /* EventManagerBase.cpp in Sources */ = {isa = PBXBuildFile; fileRef = 9153913DA8C34D9099B22461 /* EventManagerBase.cpp */; };
		99D71820C7AE4A898412AA50 /* ShadowMap.cpp in Sources */ = {isa = PBXBuildFile; fileRef = 330B4F577CB749B68CDBE5E9 /* ShadowMap.cpp */; };
		9DFEEEC8227A430481762C75 /* tilt.c in Sources */ = {isa = PBXBuildFile; fileRef = 58FAC182567F46A18EBF8276 /* tilt.c */; };
		9E8656A6F38543E5A14CF5EE /* ComponentFactory.cpp in Sources */ = {isa = PBXBuildFile; fileRef = 31662F2631174943BEA85E7F /* ComponentFactory.cpp */; };
		AB9F7D2ECD5A4585A1A4F4F0 /* DebugComponent.cpp in Sources */ = {isa = PBXBuildFile; fileRef = 593707A576B94A178AADA8BC /* DebugComponent.cpp */; };
		B0315FC8DE264A7AB4F1E421 /* ActorManager.cpp in Sources */ = {isa = PBXBuildFile; fileRef = 048DC72368DE45129817C865 /* ActorManager.cpp */; };
		B4B39034E7B04425A683736E /* CinderApp.icns in Resources */ = {isa = PBXBuildFile; fileRef = 3CD82FEE13A44FE29607714D /* CinderApp.icns */; };
		B7DB4200C6D1441498507C8A /* GeomTeapotComponent.cpp in Sources */ = {isa = PBXBuildFile; fileRef = 6DA474E3F4F94AEBB755FBEA /* GeomTeapotComponent.cpp */; };
		BB2112E51BBB4F90B1367EB9 /* Common.cpp in Sources */ = {isa = PBXBuildFile; fileRef = 16938369F2BB42598DC4D900 /* Common.cpp */; };
		C44AA757F5B0493193A43D08 /* IOKit.framework in Frameworks */ = {isa = PBXBuildFile; fileRef = E126E6E4F939469D8C0B5D71 /* IOKit.framework */; };
		C8EF8CF12AA2407B8ED52335 /* Components.cpp in Sources */ = {isa = PBXBuildFile; fileRef = 06EA27DAE81849548CC9F9B9 /* Components.cpp */; };
		D15188F9C04348BE90D93154 /* RoomComponent.cpp in Sources */ = {isa = PBXBuildFile; fileRef = 4D2C0C4649FE426E8544DFF7 /* RoomComponent.cpp */; };
		E7E2E1718AEE406E86FDF34F /* ActorFactory.cpp in Sources */ = {isa = PBXBuildFile; fileRef = 97CF72B0303E48BDB25D9993 /* ActorFactory.cpp */; };
		FEAA1476A8524B0E985E90DE /* registration.c in Sources */ = {isa = PBXBuildFile; fileRef = 9933B857F3364BB087EC0008 /* registration.c */; };
/* End PBXBuildFile section */

/* Begin PBXFileReference section */
		006D720219952D00008149E2 /* AVFoundation.framework */ = {isa = PBXFileReference; lastKnownFileType = wrapper.framework; name = AVFoundation.framework; path = System/Library/Frameworks/AVFoundation.framework; sourceTree = SDKROOT; };
		006D720319952D00008149E2 /* CoreMedia.framework */ = {isa = PBXFileReference; lastKnownFileType = wrapper.framework; name = CoreMedia.framework; path = System/Library/Frameworks/CoreMedia.framework; sourceTree = SDKROOT; };
		0091D8F80E81B9330029341E /* OpenGL.framework */ = {isa = PBXFileReference; lastKnownFileType = wrapper.framework; name = OpenGL.framework; path = /System/Library/Frameworks/OpenGL.framework; sourceTree = "<absolute>"; };
		00B784AF0FF439BC000DE1D7 /* Accelerate.framework */ = {isa = PBXFileReference; lastKnownFileType = wrapper.framework; name = Accelerate.framework; path = System/Library/Frameworks/Accelerate.framework; sourceTree = SDKROOT; };
		00B784B00FF439BC000DE1D7 /* AudioToolbox.framework */ = {isa = PBXFileReference; lastKnownFileType = wrapper.framework; name = AudioToolbox.framework; path = System/Library/Frameworks/AudioToolbox.framework; sourceTree = SDKROOT; };
		00B784B10FF439BC000DE1D7 /* AudioUnit.framework */ = {isa = PBXFileReference; lastKnownFileType = wrapper.framework; name = AudioUnit.framework; path = System/Library/Frameworks/AudioUnit.framework; sourceTree = SDKROOT; };
		00B784B20FF439BC000DE1D7 /* CoreAudio.framework */ = {isa = PBXFileReference; lastKnownFileType = wrapper.framework; name = CoreAudio.framework; path = System/Library/Frameworks/CoreAudio.framework; sourceTree = SDKROOT; };
		048DC72368DE45129817C865 /* ActorManager.cpp */ = {isa = PBXFileReference; lastKnownFileType = sourcecode.c.cpp; name = ActorManager.cpp; path = ../blocks/Ecstatic/src/Actor/ActorManager.cpp; sourceTree = "<group>"; };
		05E1E720FF2A432385FE2DCE /* TransformComponent.h */ = {isa = PBXFileReference; lastKnownFileType = sourcecode.c.h; name = TransformComponent.h; path = ../blocks/Ecstatic/include/Components/TransformComponent.h; sourceTree = "<group>"; };
		06EA27DAE81849548CC9F9B9 /* Components.cpp */ = {isa = PBXFileReference; lastKnownFileType = sourcecode.c.cpp; name = Components.cpp; path = ../../../src/Components/Components.cpp; sourceTree = "<group>"; };
		1058C7A1FEA54F0111CA2CBB /* Cocoa.framework */ = {isa = PBXFileReference; lastKnownFileType = wrapper.framework; name = Cocoa.framework; path = /System/Library/Frameworks/Cocoa.framework; sourceTree = "<absolute>"; };
		11637E36E6484346B3E25C11 /* FactoryBase.cpp */ = {isa = PBXFileReference; lastKnownFileType = sourcecode.c.cpp; name = FactoryBase.cpp; path = ../blocks/Ecstatic/src/Actor/FactoryBase.cpp; sourceTree = "<group>"; };
		16938369F2BB42598DC4D900 /* Common.cpp */ = {isa = PBXFileReference; lastKnownFileType = sourcecode.c.cpp; name = Common.cpp; path = ../blocks/Ecstatic/src/System/Common.cpp; sourceTree = "<group>"; };
		17A99E78B6AD4812B859DEE4 /* CinderFreenect.h */ = {isa = PBXFileReference; lastKnownFileType = sourcecode.c.h; name = CinderFreenect.h; path = "../blocks/Cinder-Freenect/src/CinderFreenect.h"; sourceTree = "<group>"; };
		190A1928D5F94E56BF23EC8D /* Controller.cpp */ = {isa = PBXFileReference; lastKnownFileType = sourcecode.c.cpp; name = Controller.cpp; path = ../blocks/Ecstatic/src/System/Controller.cpp; sourceTree = "<group>"; };
		1D140E2D38C240D1A5CE5158 /* RoomComponent.h */ = {isa = PBXFileReference; lastKnownFileType = sourcecode.c.h; name = RoomComponent.h; path = ../../../include/Components/RoomComponent.h; sourceTree = "<group>"; };
		1E7CD7887F294B7986A28128 /* AppSceneBase.cpp */ = {isa = PBXFileReference; lastKnownFileType = sourcecode.c.cpp; name = AppSceneBase.cpp; path = ../../../src/Scenes/AppSceneBase.cpp; sourceTree = "<group>"; };
		1F8BEE1DBA844AEDB7ED9F26 /* ConfigManager.cpp */ = {isa = PBXFileReference; lastKnownFileType = sourcecode.c.cpp; name = ConfigManager.cpp; path = ../blocks/Ecstatic/src/System/ConfigManager.cpp; sourceTree = "<group>"; };
		20731732169541159B37BC8A /* Manager.hpp */ = {isa = PBXFileReference; lastKnownFileType = "\"\""; name = Manager.hpp; path = ../blocks/Ecstatic/include/System/Manager.hpp; sourceTree = "<group>"; };
		276286C20CCC4D93B1591B76 /* ActorFactory.h */ = {isa = PBXFileReference; lastKnownFileType = sourcecode.c.h; name = ActorFactory.h; path = ../blocks/Ecstatic/include/Actor/ActorFactory.h; sourceTree = "<group>"; };
		27B62173222043B0B9F2BC07 /* CameraComponent.h */ = {isa = PBXFileReference; lastKnownFileType = sourcecode.c.h; name = CameraComponent.h; path = ../../../include/Components/CameraComponent.h; sourceTree = "<group>"; };
		29B97324FDCFA39411CA2CEA /* AppKit.framework */ = {isa = PBXFileReference; lastKnownFileType = wrapper.framework; name = AppKit.framework; path = /System/Library/Frameworks/AppKit.framework; sourceTree = "<absolute>"; };
		29B97325FDCFA39411CA2CEA /* Foundation.framework */ = {isa = PBXFileReference; lastKnownFileType = wrapper.framework; name = Foundation.framework; path = /System/Library/Frameworks/Foundation.framework; sourceTree = "<absolute>"; };
		2C6664D1A607445397CC49CA /* cameras.c */ = {isa = PBXFileReference; lastKnownFileType = "\"\""; name = cameras.c; path = "../blocks/Cinder-Freenect/src/freenect/cameras.c"; sourceTree = "<group>"; };
		31501A1AB95B47F9991731F7 /* DebugComponent.h */ = {isa = PBXFileReference; lastKnownFileType = sourcecode.c.h; name = DebugComponent.h; path = ../../../include/Components/DebugComponent.h; sourceTree = "<group>"; };
		31662F2631174943BEA85E7F /* ComponentFactory.cpp */ = {isa = PBXFileReference; lastKnownFileType = sourcecode.c.cpp; name = ComponentFactory.cpp; path = ../blocks/Ecstatic/src/Components/ComponentFactory.cpp; sourceTree = "<group>"; };
		330B4F577CB749B68CDBE5E9 /* ShadowMap.cpp */ = {isa = PBXFileReference; lastKnownFileType = sourcecode.c.cpp; name = ShadowMap.cpp; path = ../../../src/Lights/ShadowMap.cpp; sourceTree = "<group>"; };
		38BEC6A3233B4E0CA88135EE /* SceneFactory.h */ = {isa = PBXFileReference; lastKnownFileType = sourcecode.c.h; name = SceneFactory.h; path = ../blocks/Ecstatic/include/Scene/SceneFactory.h; sourceTree = "<group>"; };
		3CD82FEE13A44FE29607714D /* CinderApp.icns */ = {isa = PBXFileReference; lastKnownFileType = image.icns; name = CinderApp.icns; path = ../resources/CinderApp.icns; sourceTree = "<group>"; };
		47FD795C3FD44C94838B43B4 /* Info.plist */ = {isa = PBXFileReference; lastKnownFileType = text.plist.xml; path = Info.plist; sourceTree = "<group>"; };
		4A89D04AEB254A4CA9CEDDD7 /* Events.cpp */ = {isa = PBXFileReference; lastKnownFileType = sourcecode.c.cpp; name = Events.cpp; path = ../../../src/Events/Events.cpp; sourceTree = "<group>"; };
		4D01996442F74DDE9CE9524E /* Controller.h */ = {isa = PBXFileReference; lastKnownFileType = sourcecode.c.h; name = Controller.h; path = ../blocks/Ecstatic/include/System/Controller.h; sourceTree = "<group>"; };
		4D2C0C4649FE426E8544DFF7 /* RoomComponent.cpp */ = {isa = PBXFileReference; lastKnownFileType = sourcecode.c.cpp; name = RoomComponent.cpp; path = ../../../src/Components/RoomComponent.cpp; sourceTree = "<group>"; };
		4F017F851B174D7A006F60F8 /* TunnelComponent.h */ = {isa = PBXFileReference; lastKnownFileType = sourcecode.c.h; name = TunnelComponent.h; path = ../../../include/Components/TunnelComponent.h; sourceTree = "<group>"; };
		4F017F861B174DA9006F60F8 /* TunnelComponent.cpp */ = {isa = PBXFileReference; fileEncoding = 4; lastKnownFileType = sourcecode.cpp.cpp; name = TunnelComponent.cpp; path = ../../../src/Components/TunnelComponent.cpp; sourceTree = "<group>"; };
		4F017F881B1760EB006F60F8 /* tunnel_basic.frag */ = {isa = PBXFileReference; fileEncoding = 4; lastKnownFileType = sourcecode.glsl; path = tunnel_basic.frag; sourceTree = "<group>"; };
		4F017F891B1760EB006F60F8 /* tunnel_basic.vert */ = {isa = PBXFileReference; fileEncoding = 4; lastKnownFileType = sourcecode.glsl; path = tunnel_basic.vert; sourceTree = "<group>"; };
		4F07072E1B1816B700A7A450 /* tunnel_basic.geom */ = {isa = PBXFileReference; fileEncoding = 4; lastKnownFileType = sourcecode.glsl; path = tunnel_basic.geom; sourceTree = "<group>"; };
		4F0707301B1819FB00A7A450 /* TunnelScene.h */ = {isa = PBXFileReference; lastKnownFileType = sourcecode.c.h; name = TunnelScene.h; path = ../../../include/Scenes/TunnelScene.h; sourceTree = "<group>"; };
		4F0707311B181A3600A7A450 /* TunnelScene.cpp */ = {isa = PBXFileReference; fileEncoding = 4; lastKnownFileType = sourcecode.cpp.cpp; name = TunnelScene.cpp; path = ../../../src/Scenes/TunnelScene.cpp; sourceTree = "<group>"; };
		4F0707331B181CED00A7A450 /* tunnel_shadow.frag */ = {isa = PBXFileReference; fileEncoding = 4; lastKnownFileType = sourcecode.glsl; path = tunnel_shadow.frag; sourceTree = "<group>"; };
		4F0707341B181CED00A7A450 /* tunnel_shadow.vert */ = {isa = PBXFileReference; fileEncoding = 4; lastKnownFileType = sourcecode.glsl; path = tunnel_shadow.vert; sourceTree = "<group>"; };
		4F0707371B18239500A7A450 /* simplex_noise.glsl */ = {isa = PBXFileReference; fileEncoding = 4; lastKnownFileType = text; path = simplex_noise.glsl; sourceTree = "<group>"; };
		4F0707391B18240C00A7A450 /* linear_map.glsl */ = {isa = PBXFileReference; fileEncoding = 4; lastKnownFileType = text; path = linear_map.glsl; sourceTree = "<group>"; };
		4F07073C1B18A7C500A7A450 /* GBuffer.h */ = {isa = PBXFileReference; lastKnownFileType = sourcecode.c.h; name = GBuffer.h; path = ../../../include/Rendering/GBuffer.h; sourceTree = "<group>"; };
		4F07073E1B18A7E300A7A450 /* GBuffer.cpp */ = {isa = PBXFileReference; fileEncoding = 4; lastKnownFileType = sourcecode.cpp.cpp; name = GBuffer.cpp; path = ../../../src/Rendering/GBuffer.cpp; sourceTree = "<group>"; };
		4F0707431B18A90B00A7A450 /* PassBase.h */ = {isa = PBXFileReference; lastKnownFileType = sourcecode.c.h; name = PassBase.h; path = ../../../include/Rendering/PassBase.h; sourceTree = "<group>"; };
		4F0707441B18A92000A7A450 /* PassBase.cpp */ = {isa = PBXFileReference; fileEncoding = 4; lastKnownFileType = sourcecode.cpp.cpp; name = PassBase.cpp; path = ../../../src/Rendering/PassBase.cpp; sourceTree = "<group>"; };
		4F0707461B18B56B00A7A450 /* LightPass.h */ = {isa = PBXFileReference; lastKnownFileType = sourcecode.c.h; name = LightPass.h; path = ../../../include/Rendering/LightPass.h; sourceTree = "<group>"; };
		4F0707471B18B58100A7A450 /* LightPass.cpp */ = {isa = PBXFileReference; fileEncoding = 4; lastKnownFileType = sourcecode.cpp.cpp; name = LightPass.cpp; path = ../../../src/Rendering/LightPass.cpp; sourceTree = "<group>"; };
		4F0707491B18C0FB00A7A450 /* GBufferPass.cpp */ = {isa = PBXFileReference; fileEncoding = 4; lastKnownFileType = sourcecode.cpp.cpp; name = GBufferPass.cpp; path = ../../../src/Rendering/GBufferPass.cpp; sourceTree = "<group>"; };
		4F07074B1B18C10D00A7A450 /* GBufferPass.h */ = {isa = PBXFileReference; lastKnownFileType = sourcecode.c.h; name = GBufferPass.h; path = ../../../include/Rendering/GBufferPass.h; sourceTree = "<group>"; };
		4F07074C1B18C22D00A7A450 /* ShadowPass.h */ = {isa = PBXFileReference; lastKnownFileType = sourcecode.c.h; name = ShadowPass.h; path = ../../../include/Rendering/ShadowPass.h; sourceTree = "<group>"; };
		4F07074D1B18C24600A7A450 /* ShadowPass.cpp */ = {isa = PBXFileReference; fileEncoding = 4; lastKnownFileType = sourcecode.cpp.cpp; name = ShadowPass.cpp; path = ../../../src/Rendering/ShadowPass.cpp; sourceTree = "<group>"; };
		4F07074F1B18C36A00A7A450 /* ComponentTemplate.cpp */ = {isa = PBXFileReference; fileEncoding = 4; lastKnownFileType = sourcecode.cpp.cpp; name = ComponentTemplate.cpp; path = ../../../src/Components/ComponentTemplate.cpp; sourceTree = "<group>"; };
		4F0707511B18C3B000A7A450 /* ComponentTemplate.h */ = {isa = PBXFileReference; lastKnownFileType = sourcecode.c.h; name = ComponentTemplate.h; path = ../../../include/Components/ComponentTemplate.h; sourceTree = "<group>"; };
		4F0707521B18C63E00A7A450 /* RenderManager.h */ = {isa = PBXFileReference; lastKnownFileType = sourcecode.c.h; name = RenderManager.h; path = ../../../include/Rendering/RenderManager.h; sourceTree = "<group>"; };
		4F0707531B18C67600A7A450 /* RenderManager.cpp */ = {isa = PBXFileReference; fileEncoding = 4; lastKnownFileType = sourcecode.cpp.cpp; name = RenderManager.cpp; path = ../../../src/Rendering/RenderManager.cpp; sourceTree = "<group>"; };
		4F0707551B18F2FD00A7A450 /* ss_lighting.vert */ = {isa = PBXFileReference; fileEncoding = 4; lastKnownFileType = sourcecode.glsl; path = ss_lighting.vert; sourceTree = "<group>"; };
		4F0707571B18F30800A7A450 /* ss_lighting.frag */ = {isa = PBXFileReference; fileEncoding = 4; lastKnownFileType = sourcecode.glsl; path = ss_lighting.frag; sourceTree = "<group>"; };
		4F0707591B18F3C100A7A450 /* gbuffer_util.glsl */ = {isa = PBXFileReference; fileEncoding = 4; lastKnownFileType = text; path = gbuffer_util.glsl; sourceTree = "<group>"; };
		4F07075B1B18F73B00A7A450 /* material_util.glsl */ = {isa = PBXFileReference; fileEncoding = 4; lastKnownFileType = text; path = material_util.glsl; sourceTree = "<group>"; };
		4F07075D1B18F7A100A7A450 /* tunnel_geometry.vert */ = {isa = PBXFileReference; fileEncoding = 4; lastKnownFileType = sourcecode.glsl; path = tunnel_geometry.vert; sourceTree = "<group>"; };
		4F07075F1B18F7AE00A7A450 /* tunnel_geometry.geom */ = {isa = PBXFileReference; fileEncoding = 4; lastKnownFileType = sourcecode.glsl; path = tunnel_geometry.geom; sourceTree = "<group>"; };
		4F0707611B18F7BA00A7A450 /* tunnel_geometry.frag */ = {isa = PBXFileReference; fileEncoding = 4; lastKnownFileType = sourcecode.glsl; path = tunnel_geometry.frag; sourceTree = "<group>"; };
		4F0707631B191E9800A7A450 /* FXAAPass.cpp */ = {isa = PBXFileReference; fileEncoding = 4; lastKnownFileType = sourcecode.cpp.cpp; name = FXAAPass.cpp; path = ../../../src/Rendering/FXAAPass.cpp; sourceTree = "<group>"; };
		4F0707651B191EAB00A7A450 /* FXAAPass.h */ = {isa = PBXFileReference; lastKnownFileType = sourcecode.c.h; name = FXAAPass.h; path = ../../../include/Rendering/FXAAPass.h; sourceTree = "<group>"; };
		4F0707661B19245100A7A450 /* fxaa.frag */ = {isa = PBXFileReference; fileEncoding = 4; lastKnownFileType = sourcecode.glsl; path = fxaa.frag; sourceTree = "<group>"; };
		4F0707681B19248800A7A450 /* pass.vert */ = {isa = PBXFileReference; fileEncoding = 4; lastKnownFileType = sourcecode.glsl; path = pass.vert; sourceTree = "<group>"; };
		4F7F74A21B14B38A001E4B82 /* GUIManager.h */ = {isa = PBXFileReference; lastKnownFileType = sourcecode.c.h; name = GUIManager.h; path = ../blocks/Ecstatic/include/GUI/GUIManager.h; sourceTree = "<group>"; };
		4F7F74A41B14B3AE001E4B82 /* GUIManager.cpp */ = {isa = PBXFileReference; fileEncoding = 4; lastKnownFileType = sourcecode.cpp.cpp; name = GUIManager.cpp; path = ../blocks/Ecstatic/src/GUI/GUIManager.cpp; sourceTree = "<group>"; };
		4F9C382C655F4021805E2F19 /* Components.h */ = {isa = PBXFileReference; lastKnownFileType = sourcecode.c.h; name = Components.h; path = ../../../include/Components/Components.h; sourceTree = "<group>"; };
		4FBEC3E61B11544900C59BA4 /* config.json */ = {isa = PBXFileReference; fileEncoding = 4; lastKnownFileType = text.json; path = config.json; sourceTree = "<group>"; };
		4FBEC3E81B11544900C59BA4 /* lighting.frag */ = {isa = PBXFileReference; fileEncoding = 4; lastKnownFileType = sourcecode.glsl; path = lighting.frag; sourceTree = "<group>"; };
		4FBEC3E91B11544900C59BA4 /* lighting.vert */ = {isa = PBXFileReference; fileEncoding = 4; lastKnownFileType = sourcecode.glsl; path = lighting.vert; sourceTree = "<group>"; };
		4FBEC3ED1B1158BE00C59BA4 /* KinectComponent.h */ = {isa = PBXFileReference; lastKnownFileType = sourcecode.c.h; name = KinectComponent.h; path = ../../../include/Components/KinectComponent.h; sourceTree = "<group>"; };
		4FBEC3EE1B1158F300C59BA4 /* KinectComponent.cpp */ = {isa = PBXFileReference; fileEncoding = 4; lastKnownFileType = sourcecode.cpp.cpp; name = KinectComponent.cpp; path = ../../../src/Components/KinectComponent.cpp; sourceTree = "<group>"; };
		4FBEC3F01B115A3000C59BA4 /* kinect_lighting.vert */ = {isa = PBXFileReference; fileEncoding = 4; lastKnownFileType = sourcecode.glsl; path = kinect_lighting.vert; sourceTree = "<group>"; };
		4FBEC3F21B115A3D00C59BA4 /* kinect_lighting.frag */ = {isa = PBXFileReference; fileEncoding = 4; lastKnownFileType = sourcecode.glsl; path = kinect_lighting.frag; sourceTree = "<group>"; };
		4FBEC3F41B115A5200C59BA4 /* kinect_shadow.geom */ = {isa = PBXFileReference; fileEncoding = 4; lastKnownFileType = sourcecode.glsl; path = kinect_shadow.geom; sourceTree = "<group>"; };
		4FBEC3F61B115A6200C59BA4 /* kinect_shadow.vert */ = {isa = PBXFileReference; fileEncoding = 4; lastKnownFileType = sourcecode.glsl; path = kinect_shadow.vert; sourceTree = "<group>"; };
		4FBEC3F81B115A7E00C59BA4 /* kinect_lighting.geom */ = {isa = PBXFileReference; fileEncoding = 4; lastKnownFileType = sourcecode.glsl; path = kinect_lighting.geom; sourceTree = "<group>"; };
		4FBEC3FA1B115C1F00C59BA4 /* kinect_util.glsl */ = {isa = PBXFileReference; fileEncoding = 4; lastKnownFileType = text; path = kinect_util.glsl; sourceTree = "<group>"; };
		4FBEC3FB1B115C1F00C59BA4 /* curl_noise.glsl */ = {isa = PBXFileReference; fileEncoding = 4; lastKnownFileType = text; path = curl_noise.glsl; sourceTree = "<group>"; };
		4FBEC3FE1B115F3000C59BA4 /* lighting_util.glsl */ = {isa = PBXFileReference; fileEncoding = 4; lastKnownFileType = text; path = lighting_util.glsl; sourceTree = "<group>"; };
		4FBEC4001B11628700C59BA4 /* kinect_shadow.frag */ = {isa = PBXFileReference; fileEncoding = 4; lastKnownFileType = sourcecode.glsl; path = kinect_shadow.frag; sourceTree = "<group>"; };
		4FBEC4021B12579500C59BA4 /* BitComponent.h */ = {isa = PBXFileReference; lastKnownFileType = sourcecode.c.h; name = BitComponent.h; path = ../../../include/Components/BitComponent.h; sourceTree = "<group>"; };
		4FBEC4031B1257AB00C59BA4 /* BitComponent.cpp */ = {isa = PBXFileReference; fileEncoding = 4; lastKnownFileType = sourcecode.cpp.cpp; name = BitComponent.cpp; path = ../../../src/Components/BitComponent.cpp; sourceTree = "<group>"; };
		4FBEC4051B12599500C59BA4 /* bit.vert */ = {isa = PBXFileReference; fileEncoding = 4; lastKnownFileType = sourcecode.glsl; path = bit.vert; sourceTree = "<group>"; };
		4FBEC4071B12599D00C59BA4 /* bit.frag */ = {isa = PBXFileReference; fileEncoding = 4; lastKnownFileType = sourcecode.glsl; path = bit.frag; sourceTree = "<group>"; };
		4FBEC4091B1259A700C59BA4 /* bit_shadow.vert */ = {isa = PBXFileReference; fileEncoding = 4; lastKnownFileType = sourcecode.glsl; path = bit_shadow.vert; sourceTree = "<group>"; };
		4FBEC40B1B1259B000C59BA4 /* bit_shadow.frag */ = {isa = PBXFileReference; fileEncoding = 4; lastKnownFileType = sourcecode.glsl; path = bit_shadow.frag; sourceTree = "<group>"; };
		4FBEC40D1B136EAA00C59BA4 /* bit.geom */ = {isa = PBXFileReference; fileEncoding = 4; lastKnownFileType = sourcecode.glsl; path = bit.geom; sourceTree = "<group>"; };
		50B599BA67B14DB1B6D42154 /* Scene.h */ = {isa = PBXFileReference; lastKnownFileType = sourcecode.c.h; name = Scene.h; path = ../blocks/Ecstatic/include/Scene/Scene.h; sourceTree = "<group>"; };
		5323E6B10EAFCA74003A9687 /* CoreVideo.framework */ = {isa = PBXFileReference; lastKnownFileType = wrapper.framework; name = CoreVideo.framework; path = /System/Library/Frameworks/CoreVideo.framework; sourceTree = "<absolute>"; };
		5323E6B50EAFCA7E003A9687 /* QTKit.framework */ = {isa = PBXFileReference; lastKnownFileType = wrapper.framework; name = QTKit.framework; path = /System/Library/Frameworks/QTKit.framework; sourceTree = "<absolute>"; };
		5754F2C4B52B48368226E060 /* GeomTeapotComponent.h */ = {isa = PBXFileReference; lastKnownFileType = sourcecode.c.h; name = GeomTeapotComponent.h; path = ../../../include/Components/GeomTeapotComponent.h; sourceTree = "<group>"; };
		579CA5DDB34A44B087B25B0B /* Scenes.cpp */ = {isa = PBXFileReference; lastKnownFileType = sourcecode.c.cpp; name = Scenes.cpp; path = ../../../src/Scenes/Scenes.cpp; sourceTree = "<group>"; };
		57D41419874149B386FD6FA5 /* BaseEventData.h */ = {isa = PBXFileReference; lastKnownFileType = sourcecode.c.h; name = BaseEventData.h; path = ../blocks/Ecstatic/include/Event/BaseEventData.h; sourceTree = "<group>"; };
		57D832B8EF2640A7B81272E8 /* LightComponent.cpp */ = {isa = PBXFileReference; lastKnownFileType = sourcecode.c.cpp; name = LightComponent.cpp; path = ../../../src/Components/LightComponent.cpp; sourceTree = "<group>"; };
		58FAC182567F46A18EBF8276 /* tilt.c */ = {isa = PBXFileReference; lastKnownFileType = "\"\""; name = tilt.c; path = "../blocks/Cinder-Freenect/src/freenect/tilt.c"; sourceTree = "<group>"; };
		593707A576B94A178AADA8BC /* DebugComponent.cpp */ = {isa = PBXFileReference; lastKnownFileType = sourcecode.c.cpp; name = DebugComponent.cpp; path = ../../../src/Components/DebugComponent.cpp; sourceTree = "<group>"; };
		64E0F1C43DF44A449C070377 /* Scenes.h */ = {isa = PBXFileReference; lastKnownFileType = sourcecode.c.h; name = Scenes.h; path = ../../../include/Scenes/Scenes.h; sourceTree = "<group>"; };
		678040F21F8E4F5C81168190 /* FactoryBase.h */ = {isa = PBXFileReference; lastKnownFileType = sourcecode.c.h; name = FactoryBase.h; path = ../blocks/Ecstatic/include/Actor/FactoryBase.h; sourceTree = "<group>"; };
		67D56CF619F54DD4A860BBDE /* LightManager.h */ = {isa = PBXFileReference; lastKnownFileType = sourcecode.c.h; name = LightManager.h; path = ../../../include/Lights/LightManager.h; sourceTree = "<group>"; };
		69892561316449B1BDA3D4B7 /* LightManager.cpp */ = {isa = PBXFileReference; lastKnownFileType = sourcecode.c.cpp; name = LightManager.cpp; path = ../../../src/Lights/LightManager.cpp; sourceTree = "<group>"; };
		6B267CBDA840411BA28596A2 /* Light.h */ = {isa = PBXFileReference; lastKnownFileType = sourcecode.c.h; name = Light.h; path = ../../../include/Lights/Light.h; sourceTree = "<group>"; };
		6C5D2DD9BE2449B580F9C07C /* usb_libusb10.c */ = {isa = PBXFileReference; lastKnownFileType = "\"\""; name = usb_libusb10.c; path = "../blocks/Cinder-Freenect/src/freenect/usb_libusb10.c"; sourceTree = "<group>"; };
		6DA474E3F4F94AEBB755FBEA /* GeomTeapotComponent.cpp */ = {isa = PBXFileReference; lastKnownFileType = sourcecode.c.cpp; name = GeomTeapotComponent.cpp; path = ../../../src/Components/GeomTeapotComponent.cpp; sourceTree = "<group>"; };
		7945591E0A0D421EB212870D /* CameraComponent.cpp */ = {isa = PBXFileReference; lastKnownFileType = sourcecode.c.cpp; name = CameraComponent.cpp; path = ../../../src/Components/CameraComponent.cpp; sourceTree = "<group>"; };
		79A5AA2D28DD4114931A9AD1 /* AppCommon.h */ = {isa = PBXFileReference; lastKnownFileType = sourcecode.c.h; name = AppCommon.h; path = ../../../include/AppCommon.h; sourceTree = "<group>"; };
		7D39AAFE10B344DA8117EE07 /* LightComponent.h */ = {isa = PBXFileReference; lastKnownFileType = sourcecode.c.h; name = LightComponent.h; path = ../../../include/Components/LightComponent.h; sourceTree = "<group>"; };
		8372203BE7B34FB1A88DE8D3 /* FrustumCullComponent.cpp */ = {isa = PBXFileReference; lastKnownFileType = sourcecode.c.cpp; name = FrustumCullComponent.cpp; path = ../../../src/Components/FrustumCullComponent.cpp; sourceTree = "<group>"; };
		84F2DD17B37A4425BE38C09F /* CinderFreenect.cpp */ = {isa = PBXFileReference; lastKnownFileType = sourcecode.c.cpp; name = CinderFreenect.cpp; path = "../blocks/Cinder-Freenect/src/CinderFreenect.cpp"; sourceTree = "<group>"; };
		8704CF6ADD714455BEC3FB01 /* ComponentBase.h */ = {isa = PBXFileReference; lastKnownFileType = sourcecode.c.h; name = ComponentBase.h; path = ../blocks/Ecstatic/include/Components/ComponentBase.h; sourceTree = "<group>"; };
		8968DB730BC44FB7A84AFCFA /* Light.cpp */ = {isa = PBXFileReference; lastKnownFileType = sourcecode.c.cpp; name = Light.cpp; path = ../../../src/Lights/Light.cpp; sourceTree = "<group>"; };
		8D1107320486CEB800E47090 /* Kinect_Component_test.app */ = {isa = PBXFileReference; explicitFileType = wrapper.application; includeInIndex = 0; path = Kinect_Component_test.app; sourceTree = BUILT_PRODUCTS_DIR; };
		8FB25C7C5C334B81A5CA5ED1 /* AppSceneBase.h */ = {isa = PBXFileReference; lastKnownFileType = sourcecode.c.h; name = AppSceneBase.h; path = ../../../include/Scenes/AppSceneBase.h; sourceTree = "<group>"; };
		9153913DA8C34D9099B22461 /* EventManagerBase.cpp */ = {isa = PBXFileReference; lastKnownFileType = sourcecode.c.cpp; name = EventManagerBase.cpp; path = ../blocks/Ecstatic/src/Event/EventManagerBase.cpp; sourceTree = "<group>"; };
		97CF72B0303E48BDB25D9993 /* ActorFactory.cpp */ = {isa = PBXFileReference; lastKnownFileType = sourcecode.c.cpp; name = ActorFactory.cpp; path = ../blocks/Ecstatic/src/Actor/ActorFactory.cpp; sourceTree = "<group>"; };
		9933B857F3364BB087EC0008 /* registration.c */ = {isa = PBXFileReference; lastKnownFileType = "\"\""; name = registration.c; path = "../blocks/Cinder-Freenect/src/freenect/registration.c"; sourceTree = "<group>"; };
		9B77DC29E87D4DE683CCFF05 /* FastDelegateBind.h */ = {isa = PBXFileReference; lastKnownFileType = sourcecode.c.h; name = FastDelegateBind.h; path = ../blocks/Ecstatic/include/Event/FastDelegateBind.h; sourceTree = "<group>"; };
		A9E0F7DBDDE44C8AAD2F0075 /* core.c */ = {isa = PBXFileReference; lastKnownFileType = "\"\""; name = core.c; path = "../blocks/Cinder-Freenect/src/freenect/core.c"; sourceTree = "<group>"; };
		AD2D6398C06140D0B19BB612 /* TransformComponent.cpp */ = {isa = PBXFileReference; lastKnownFileType = sourcecode.c.cpp; name = TransformComponent.cpp; path = ../blocks/Ecstatic/src/Components/TransformComponent.cpp; sourceTree = "<group>"; };
		AE5F7F38DFC34D599B7A788A /* Events.h */ = {isa = PBXFileReference; lastKnownFileType = sourcecode.c.h; name = Events.h; path = ../../../include/Events/Events.h; sourceTree = "<group>"; };
		B1DB1A8A06084228A0F9276E /* Resources.h */ = {isa = PBXFileReference; lastKnownFileType = sourcecode.c.h; name = Resources.h; path = ../include/Resources.h; sourceTree = "<group>"; };
		B260BCD37D2249B68624420B /* ComponentFactory.h */ = {isa = PBXFileReference; lastKnownFileType = sourcecode.c.h; name = ComponentFactory.h; path = ../blocks/Ecstatic/include/Components/ComponentFactory.h; sourceTree = "<group>"; };
		B27D6BFA8C494ED1BE199D5D /* Kinect_Component_testApp.cpp */ = {isa = PBXFileReference; lastKnownFileType = sourcecode.c.cpp; name = Kinect_Component_testApp.cpp; path = ../src/Kinect_Component_testApp.cpp; sourceTree = "<group>"; };
		B374C2C76EF54DB4A3A51541 /* SystemEvents.cpp */ = {isa = PBXFileReference; lastKnownFileType = sourcecode.c.cpp; name = SystemEvents.cpp; path = ../blocks/Ecstatic/src/Event/SystemEvents.cpp; sourceTree = "<group>"; };
		C1D82218030B4EF28AE4989A /* ActorManager.h */ = {isa = PBXFileReference; lastKnownFileType = sourcecode.c.h; name = ActorManager.h; path = ../blocks/Ecstatic/include/Actor/ActorManager.h; sourceTree = "<group>"; };
		C46FDAE648EE414189CC50D1 /* Scene.cpp */ = {isa = PBXFileReference; lastKnownFileType = sourcecode.c.cpp; name = Scene.cpp; path = ../blocks/Ecstatic/src/Scene/Scene.cpp; sourceTree = "<group>"; };
		C766C69AD9F24F8B94E9D2D2 /* Common.h */ = {isa = PBXFileReference; lastKnownFileType = sourcecode.c.h; name = Common.h; path = ../blocks/Ecstatic/include/System/Common.h; sourceTree = "<group>"; };
		CA809C8353D749CF9CFA4B35 /* ConfigManager.h */ = {isa = PBXFileReference; lastKnownFileType = sourcecode.c.h; name = ConfigManager.h; path = ../blocks/Ecstatic/include/System/ConfigManager.h; sourceTree = "<group>"; };
		D3FFEC545F8E4A8CA6607191 /* EventManagerBase.h */ = {isa = PBXFileReference; lastKnownFileType = sourcecode.c.h; name = EventManagerBase.h; path = ../blocks/Ecstatic/include/Event/EventManagerBase.h; sourceTree = "<group>"; };
		D92658741D8E4CE1821BDE5A /* EventManager.h */ = {isa = PBXFileReference; lastKnownFileType = sourcecode.c.h; name = EventManager.h; path = ../blocks/Ecstatic/include/Event/EventManager.h; sourceTree = "<group>"; };
		DBD28148FFBB4EB3BF570A33 /* ComponentBase.cpp */ = {isa = PBXFileReference; lastKnownFileType = sourcecode.c.cpp; name = ComponentBase.cpp; path = ../blocks/Ecstatic/src/Components/ComponentBase.cpp; sourceTree = "<group>"; };
		DE04436C461E4DE0A408EA30 /* ShadowMap.h */ = {isa = PBXFileReference; lastKnownFileType = sourcecode.c.h; name = ShadowMap.h; path = ../../../include/Lights/ShadowMap.h; sourceTree = "<group>"; };
		E043D25B0F874CFB9BDDC91B /* SystemEvents.h */ = {isa = PBXFileReference; lastKnownFileType = sourcecode.c.h; name = SystemEvents.h; path = ../blocks/Ecstatic/include/Event/SystemEvents.h; sourceTree = "<group>"; };
		E126E6E4F939469D8C0B5D71 /* IOKit.framework */ = {isa = PBXFileReference; lastKnownFileType = wrapper.framework; name = IOKit.framework; path = System/Library/Frameworks/IOKit.framework; sourceTree = SDKROOT; };
		E2060C9AD78D43A99FB9D2C2 /* EventManager.cpp */ = {isa = PBXFileReference; lastKnownFileType = sourcecode.c.cpp; name = EventManager.cpp; path = ../blocks/Ecstatic/src/Event/EventManager.cpp; sourceTree = "<group>"; };
		E3A12DB8A70E4B5BAE17BC23 /* FrustumCullComponent.h */ = {isa = PBXFileReference; lastKnownFileType = sourcecode.c.h; name = FrustumCullComponent.h; path = ../../../include/Components/FrustumCullComponent.h; sourceTree = "<group>"; };
		E555FFE23877425E9661D5BF /* CameraManager.cpp */ = {isa = PBXFileReference; lastKnownFileType = sourcecode.c.cpp; name = CameraManager.cpp; path = ../../../src/Cameras/CameraManager.cpp; sourceTree = "<group>"; };
		EEA57AA2B8AD4BD88E9C0A6E /* Kinect_Component_test_Prefix.pch */ = {isa = PBXFileReference; lastKnownFileType = "\"\""; path = Kinect_Component_test_Prefix.pch; sourceTree = "<group>"; };
		F16837E2FC8D47E38D507727 /* FastDelegate.h */ = {isa = PBXFileReference; lastKnownFileType = sourcecode.c.h; name = FastDelegate.h; path = ../blocks/Ecstatic/include/Event/FastDelegate.h; sourceTree = "<group>"; };
		F5EB1DA55DB941F986764F43 /* CameraManager.h */ = {isa = PBXFileReference; lastKnownFileType = sourcecode.c.h; name = CameraManager.h; path = ../../../include/Cameras/CameraManager.h; sourceTree = "<group>"; };
		FD2957154AF04A849EB5A871 /* Actor.cpp */ = {isa = PBXFileReference; lastKnownFileType = sourcecode.c.cpp; name = Actor.cpp; path = ../blocks/Ecstatic/src/Actor/Actor.cpp; sourceTree = "<group>"; };
		FE0F24F3D7004AC6BD756548 /* Actor.h */ = {isa = PBXFileReference; lastKnownFileType = sourcecode.c.h; name = Actor.h; path = ../blocks/Ecstatic/include/Actor/Actor.h; sourceTree = "<group>"; };
/* End PBXFileReference section */

/* Begin PBXFrameworksBuildPhase section */
		8D11072E0486CEB800E47090 /* Frameworks */ = {
			isa = PBXFrameworksBuildPhase;
			buildActionMask = 2147483647;
			files = (
				006D720419952D00008149E2 /* AVFoundation.framework in Frameworks */,
				006D720519952D00008149E2 /* CoreMedia.framework in Frameworks */,
				8D11072F0486CEB800E47090 /* Cocoa.framework in Frameworks */,
				0091D8F90E81B9330029341E /* OpenGL.framework in Frameworks */,
				5323E6B20EAFCA74003A9687 /* CoreVideo.framework in Frameworks */,
				5323E6B60EAFCA7E003A9687 /* QTKit.framework in Frameworks */,
				00B784B30FF439BC000DE1D7 /* Accelerate.framework in Frameworks */,
				00B784B40FF439BC000DE1D7 /* AudioToolbox.framework in Frameworks */,
				00B784B50FF439BC000DE1D7 /* AudioUnit.framework in Frameworks */,
				00B784B60FF439BC000DE1D7 /* CoreAudio.framework in Frameworks */,
				C44AA757F5B0493193A43D08 /* IOKit.framework in Frameworks */,
			);
			runOnlyForDeploymentPostprocessing = 0;
		};
/* End PBXFrameworksBuildPhase section */

/* Begin PBXGroup section */
		01B97315FEAEA392516A2CEA /* Blocks */ = {
			isa = PBXGroup;
			children = (
				6CBEF1BA69E042EB800EEA85 /* Ecstatic */,
				7316E0A333A74B0CAFC0D3CE /* Cinder-Freenect */,
				3B03B2908D5D45E3B830C7B0 /* Ecstatic_Computation */,
			);
			name = Blocks;
			sourceTree = "<group>";
		};
		080E96DDFE201D6D7F000001 /* Source */ = {
			isa = PBXGroup;
			children = (
				B27D6BFA8C494ED1BE199D5D /* Kinect_Component_testApp.cpp */,
			);
			name = Source;
			sourceTree = "<group>";
		};
		0E2C98FC2EB04AFF896B1234 /* Event */ = {
			isa = PBXGroup;
			children = (
				E2060C9AD78D43A99FB9D2C2 /* EventManager.cpp */,
				9153913DA8C34D9099B22461 /* EventManagerBase.cpp */,
				B374C2C76EF54DB4A3A51541 /* SystemEvents.cpp */,
			);
			name = Event;
			sourceTree = "<group>";
		};
		1058C7A0FEA54F0111CA2CBB /* Linked Frameworks */ = {
			isa = PBXGroup;
			children = (
				006D720219952D00008149E2 /* AVFoundation.framework */,
				006D720319952D00008149E2 /* CoreMedia.framework */,
				00B784AF0FF439BC000DE1D7 /* Accelerate.framework */,
				00B784B00FF439BC000DE1D7 /* AudioToolbox.framework */,
				00B784B10FF439BC000DE1D7 /* AudioUnit.framework */,
				00B784B20FF439BC000DE1D7 /* CoreAudio.framework */,
				5323E6B50EAFCA7E003A9687 /* QTKit.framework */,
				5323E6B10EAFCA74003A9687 /* CoreVideo.framework */,
				0091D8F80E81B9330029341E /* OpenGL.framework */,
				1058C7A1FEA54F0111CA2CBB /* Cocoa.framework */,
			);
			name = "Linked Frameworks";
			sourceTree = "<group>";
		};
		1058C7A2FEA54F0111CA2CBB /* Other Frameworks */ = {
			isa = PBXGroup;
			children = (
				29B97324FDCFA39411CA2CEA /* AppKit.framework */,
				29B97325FDCFA39411CA2CEA /* Foundation.framework */,
			);
			name = "Other Frameworks";
			sourceTree = "<group>";
		};
		19C28FACFE9D520D11CA2CBB /* Products */ = {
			isa = PBXGroup;
			children = (
				8D1107320486CEB800E47090 /* Kinect_Component_test.app */,
			);
			name = Products;
			sourceTree = "<group>";
		};
		202C06D4A7A1432891ED0CFE /* src */ = {
			isa = PBXGroup;
			children = (
				4F07073D1B18A7CA00A7A450 /* Rendering */,
				85D5E2A8624C4A3EBA5E38A9 /* Events */,
				B2E5B28269CE45F1B10A50CA /* Components */,
				28231B3D89C14FDF80B3E31C /* Lights */,
				2130C5715855405883CD37E6 /* Scenes */,
				79BB4F0485B042B090023DC3 /* Cameras */,
			);
			name = src;
			sourceTree = "<group>";
		};
		2130C5715855405883CD37E6 /* Scenes */ = {
			isa = PBXGroup;
			children = (
				1E7CD7887F294B7986A28128 /* AppSceneBase.cpp */,
				579CA5DDB34A44B087B25B0B /* Scenes.cpp */,
				4F0707311B181A3600A7A450 /* TunnelScene.cpp */,
			);
			name = Scenes;
			sourceTree = "<group>";
		};
		21ABF8E614064943AABB9877 /* Cameras */ = {
			isa = PBXGroup;
			children = (
				F5EB1DA55DB941F986764F43 /* CameraManager.h */,
			);
			name = Cameras;
			sourceTree = "<group>";
		};
		23C25962FFCD4D95A0E458FC /* Scene */ = {
			isa = PBXGroup;
			children = (
				50B599BA67B14DB1B6D42154 /* Scene.h */,
				38BEC6A3233B4E0CA88135EE /* SceneFactory.h */,
			);
			name = Scene;
			sourceTree = "<group>";
		};
		26EA8C41C40645DBBAFC69AB /* System */ = {
			isa = PBXGroup;
			children = (
				16938369F2BB42598DC4D900 /* Common.cpp */,
				1F8BEE1DBA844AEDB7ED9F26 /* ConfigManager.cpp */,
				190A1928D5F94E56BF23EC8D /* Controller.cpp */,
			);
			name = System;
			sourceTree = "<group>";
		};
		28231B3D89C14FDF80B3E31C /* Lights */ = {
			isa = PBXGroup;
			children = (
				8968DB730BC44FB7A84AFCFA /* Light.cpp */,
				69892561316449B1BDA3D4B7 /* LightManager.cpp */,
				330B4F577CB749B68CDBE5E9 /* ShadowMap.cpp */,
			);
			name = Lights;
			sourceTree = "<group>";
		};
		29B97314FDCFA39411CA2CEA /* Kinect_Component_test */ = {
			isa = PBXGroup;
			children = (
				4FBEC3E41B11544900C59BA4 /* assets */,
				01B97315FEAEA392516A2CEA /* Blocks */,
				29B97315FDCFA39411CA2CEA /* Headers */,
				080E96DDFE201D6D7F000001 /* Source */,
				29B97317FDCFA39411CA2CEA /* Resources */,
				29B97323FDCFA39411CA2CEA /* Frameworks */,
				19C28FACFE9D520D11CA2CBB /* Products */,
			);
			name = Kinect_Component_test;
			sourceTree = "<group>";
		};
		29B97315FDCFA39411CA2CEA /* Headers */ = {
			isa = PBXGroup;
			children = (
				B1DB1A8A06084228A0F9276E /* Resources.h */,
				EEA57AA2B8AD4BD88E9C0A6E /* Kinect_Component_test_Prefix.pch */,
			);
			name = Headers;
			sourceTree = "<group>";
		};
		29B97317FDCFA39411CA2CEA /* Resources */ = {
			isa = PBXGroup;
			children = (
				3CD82FEE13A44FE29607714D /* CinderApp.icns */,
				47FD795C3FD44C94838B43B4 /* Info.plist */,
			);
			name = Resources;
			sourceTree = "<group>";
		};
		29B97323FDCFA39411CA2CEA /* Frameworks */ = {
			isa = PBXGroup;
			children = (
				1058C7A0FEA54F0111CA2CBB /* Linked Frameworks */,
				1058C7A2FEA54F0111CA2CBB /* Other Frameworks */,
				E126E6E4F939469D8C0B5D71 /* IOKit.framework */,
			);
			name = Frameworks;
			sourceTree = "<group>";
		};
		3B03B2908D5D45E3B830C7B0 /* Ecstatic_Computation */ = {
			isa = PBXGroup;
			children = (
				48FE16D6559048698C811F57 /* include */,
				202C06D4A7A1432891ED0CFE /* src */,
			);
			name = Ecstatic_Computation;
			sourceTree = "<group>";
		};
		403AC5D6D5CE46B18C303A7E /* Components */ = {
			isa = PBXGroup;
			children = (
				8704CF6ADD714455BEC3FB01 /* ComponentBase.h */,
				B260BCD37D2249B68624420B /* ComponentFactory.h */,
				05E1E720FF2A432385FE2DCE /* TransformComponent.h */,
			);
			name = Components;
			sourceTree = "<group>";
		};
		48FE16D6559048698C811F57 /* include */ = {
			isa = PBXGroup;
			children = (
				79A5AA2D28DD4114931A9AD1 /* AppCommon.h */,
				4F07073B1B18A79A00A7A450 /* Rendering */,
				D144F8490620410A9FD272A1 /* Events */,
				6A692997A63F49B58B57A088 /* Components */,
				BF5937ECB14849BBABFC200C /* Scenes */,
				B71A25DF0404418E9EFCA63A /* Lights */,
				21ABF8E614064943AABB9877 /* Cameras */,
			);
			name = include;
			sourceTree = "<group>";
		};
		4F07073B1B18A79A00A7A450 /* Rendering */ = {
			isa = PBXGroup;
			children = (
				4F07073C1B18A7C500A7A450 /* GBuffer.h */,
				4F0707431B18A90B00A7A450 /* PassBase.h */,
				4F0707461B18B56B00A7A450 /* LightPass.h */,
				4F07074B1B18C10D00A7A450 /* GBufferPass.h */,
				4F07074C1B18C22D00A7A450 /* ShadowPass.h */,
				4F0707521B18C63E00A7A450 /* RenderManager.h */,
				4F0707651B191EAB00A7A450 /* FXAAPass.h */,
			);
			name = Rendering;
			sourceTree = "<group>";
		};
		4F07073D1B18A7CA00A7A450 /* Rendering */ = {
			isa = PBXGroup;
			children = (
				4F07073E1B18A7E300A7A450 /* GBuffer.cpp */,
				4F0707441B18A92000A7A450 /* PassBase.cpp */,
				4F0707471B18B58100A7A450 /* LightPass.cpp */,
				4F0707491B18C0FB00A7A450 /* GBufferPass.cpp */,
				4F07074D1B18C24600A7A450 /* ShadowPass.cpp */,
				4F0707531B18C67600A7A450 /* RenderManager.cpp */,
				4F0707631B191E9800A7A450 /* FXAAPass.cpp */,
			);
			name = Rendering;
			sourceTree = "<group>";
		};
		4F7F74A11B14B36F001E4B82 /* GUI */ = {
			isa = PBXGroup;
			children = (
				4F7F74A21B14B38A001E4B82 /* GUIManager.h */,
			);
			name = GUI;
			sourceTree = "<group>";
		};
		4F7F74A31B14B399001E4B82 /* GUI */ = {
			isa = PBXGroup;
			children = (
			);
			name = GUI;
			sourceTree = "<group>";
		};
		4FBEC3E41B11544900C59BA4 /* assets */ = {
			isa = PBXGroup;
			children = (
				4FBEC3E51B11544900C59BA4 /* configs */,
				4FBEC3E71B11544900C59BA4 /* shaders */,
			);
			name = assets;
			path = ../assets;
			sourceTree = "<group>";
		};
		4FBEC3E51B11544900C59BA4 /* configs */ = {
			isa = PBXGroup;
			children = (
				4FBEC3E61B11544900C59BA4 /* config.json */,
			);
			path = configs;
			sourceTree = "<group>";
		};
		4FBEC3E71B11544900C59BA4 /* shaders */ = {
			isa = PBXGroup;
			children = (
				4FBEC3FA1B115C1F00C59BA4 /* kinect_util.glsl */,
				4F0707391B18240C00A7A450 /* linear_map.glsl */,
				4FBEC3FB1B115C1F00C59BA4 /* curl_noise.glsl */,
				4F0707371B18239500A7A450 /* simplex_noise.glsl */,
				4FBEC3FE1B115F3000C59BA4 /* lighting_util.glsl */,
				4FBEC3E81B11544900C59BA4 /* lighting.frag */,
				4FBEC3E91B11544900C59BA4 /* lighting.vert */,
				4FBEC3F01B115A3000C59BA4 /* kinect_lighting.vert */,
				4FBEC3F81B115A7E00C59BA4 /* kinect_lighting.geom */,
				4FBEC3F21B115A3D00C59BA4 /* kinect_lighting.frag */,
				4FBEC3F41B115A5200C59BA4 /* kinect_shadow.geom */,
				4FBEC3F61B115A6200C59BA4 /* kinect_shadow.vert */,
				4FBEC4001B11628700C59BA4 /* kinect_shadow.frag */,
				4FBEC4051B12599500C59BA4 /* bit.vert */,
				4FBEC40D1B136EAA00C59BA4 /* bit.geom */,
				4FBEC4071B12599D00C59BA4 /* bit.frag */,
				4FBEC4091B1259A700C59BA4 /* bit_shadow.vert */,
				4FBEC40B1B1259B000C59BA4 /* bit_shadow.frag */,
				4F0707331B181CED00A7A450 /* tunnel_shadow.frag */,
				4F0707341B181CED00A7A450 /* tunnel_shadow.vert */,
				4F017F881B1760EB006F60F8 /* tunnel_basic.frag */,
				4F017F891B1760EB006F60F8 /* tunnel_basic.vert */,
				4F07072E1B1816B700A7A450 /* tunnel_basic.geom */,
				4F0707551B18F2FD00A7A450 /* ss_lighting.vert */,
				4F0707571B18F30800A7A450 /* ss_lighting.frag */,
				4F0707591B18F3C100A7A450 /* gbuffer_util.glsl */,
				4F07075B1B18F73B00A7A450 /* material_util.glsl */,
				4F07075D1B18F7A100A7A450 /* tunnel_geometry.vert */,
				4F07075F1B18F7AE00A7A450 /* tunnel_geometry.geom */,
				4F0707611B18F7BA00A7A450 /* tunnel_geometry.frag */,
				4F0707661B19245100A7A450 /* fxaa.frag */,
				4F0707681B19248800A7A450 /* pass.vert */,
			);
			path = shaders;
			sourceTree = "<group>";
		};
		6A692997A63F49B58B57A088 /* Components */ = {
			isa = PBXGroup;
			children = (
				4F0707511B18C3B000A7A450 /* ComponentTemplate.h */,
				27B62173222043B0B9F2BC07 /* CameraComponent.h */,
				4F9C382C655F4021805E2F19 /* Components.h */,
				31501A1AB95B47F9991731F7 /* DebugComponent.h */,
				E3A12DB8A70E4B5BAE17BC23 /* FrustumCullComponent.h */,
				5754F2C4B52B48368226E060 /* GeomTeapotComponent.h */,
				7D39AAFE10B344DA8117EE07 /* LightComponent.h */,
				1D140E2D38C240D1A5CE5158 /* RoomComponent.h */,
				4FBEC3ED1B1158BE00C59BA4 /* KinectComponent.h */,
				4FBEC4021B12579500C59BA4 /* BitComponent.h */,
				4F017F851B174D7A006F60F8 /* TunnelComponent.h */,
			);
			name = Components;
			sourceTree = "<group>";
		};
		6CBEF1BA69E042EB800EEA85 /* Ecstatic */ = {
			isa = PBXGroup;
			children = (
				791D1A3C057B4F8F87BB2363 /* include */,
				D8A78818E9CB4820B72353EA /* src */,
			);
			name = Ecstatic;
			sourceTree = "<group>";
		};
		6EBF41A6CF5741119375D8B9 /* Components */ = {
			isa = PBXGroup;
			children = (
				DBD28148FFBB4EB3BF570A33 /* ComponentBase.cpp */,
				31662F2631174943BEA85E7F /* ComponentFactory.cpp */,
				AD2D6398C06140D0B19BB612 /* TransformComponent.cpp */,
			);
			name = Components;
			sourceTree = "<group>";
		};
		71D36849968C45F89BADBA11 /* Scene */ = {
			isa = PBXGroup;
			children = (
				C46FDAE648EE414189CC50D1 /* Scene.cpp */,
			);
			name = Scene;
			sourceTree = "<group>";
		};
		7316E0A333A74B0CAFC0D3CE /* Cinder-Freenect */ = {
			isa = PBXGroup;
			children = (
				7982A7DD81A5453486CDF6F7 /* src */,
			);
			name = "Cinder-Freenect";
			sourceTree = "<group>";
		};
		791D1A3C057B4F8F87BB2363 /* include */ = {
			isa = PBXGroup;
			children = (
				4F7F74A11B14B36F001E4B82 /* GUI */,
				8F458FB3CA9B4D6788AA8AF8 /* Event */,
				B7E201CE82A24B91987B55F7 /* Actor */,
				403AC5D6D5CE46B18C303A7E /* Components */,
				23C25962FFCD4D95A0E458FC /* Scene */,
				8F00D405151543A1B69C76FC /* System */,
			);
			name = include;
			sourceTree = "<group>";
		};
		7982A7DD81A5453486CDF6F7 /* src */ = {
			isa = PBXGroup;
			children = (
				17A99E78B6AD4812B859DEE4 /* CinderFreenect.h */,
				84F2DD17B37A4425BE38C09F /* CinderFreenect.cpp */,
				834E51888CED47CFA942857A /* freenect */,
			);
			name = src;
			sourceTree = "<group>";
		};
		79BB4F0485B042B090023DC3 /* Cameras */ = {
			isa = PBXGroup;
			children = (
				E555FFE23877425E9661D5BF /* CameraManager.cpp */,
			);
			name = Cameras;
			sourceTree = "<group>";
		};
		834E51888CED47CFA942857A /* freenect */ = {
			isa = PBXGroup;
			children = (
				2C6664D1A607445397CC49CA /* cameras.c */,
				A9E0F7DBDDE44C8AAD2F0075 /* core.c */,
				9933B857F3364BB087EC0008 /* registration.c */,
				58FAC182567F46A18EBF8276 /* tilt.c */,
				6C5D2DD9BE2449B580F9C07C /* usb_libusb10.c */,
			);
			name = freenect;
			sourceTree = "<group>";
		};
		85D5E2A8624C4A3EBA5E38A9 /* Events */ = {
			isa = PBXGroup;
			children = (
				4A89D04AEB254A4CA9CEDDD7 /* Events.cpp */,
			);
			name = Events;
			sourceTree = "<group>";
		};
		8F00D405151543A1B69C76FC /* System */ = {
			isa = PBXGroup;
			children = (
				C766C69AD9F24F8B94E9D2D2 /* Common.h */,
				CA809C8353D749CF9CFA4B35 /* ConfigManager.h */,
				4D01996442F74DDE9CE9524E /* Controller.h */,
				20731732169541159B37BC8A /* Manager.hpp */,
			);
			name = System;
			sourceTree = "<group>";
		};
		8F458FB3CA9B4D6788AA8AF8 /* Event */ = {
			isa = PBXGroup;
			children = (
				57D41419874149B386FD6FA5 /* BaseEventData.h */,
				D92658741D8E4CE1821BDE5A /* EventManager.h */,
				D3FFEC545F8E4A8CA6607191 /* EventManagerBase.h */,
				F16837E2FC8D47E38D507727 /* FastDelegate.h */,
				9B77DC29E87D4DE683CCFF05 /* FastDelegateBind.h */,
				E043D25B0F874CFB9BDDC91B /* SystemEvents.h */,
			);
			name = Event;
			sourceTree = "<group>";
		};
		B2E5B28269CE45F1B10A50CA /* Components */ = {
			isa = PBXGroup;
			children = (
				4F07074F1B18C36A00A7A450 /* ComponentTemplate.cpp */,
				7945591E0A0D421EB212870D /* CameraComponent.cpp */,
				06EA27DAE81849548CC9F9B9 /* Components.cpp */,
				593707A576B94A178AADA8BC /* DebugComponent.cpp */,
				8372203BE7B34FB1A88DE8D3 /* FrustumCullComponent.cpp */,
				6DA474E3F4F94AEBB755FBEA /* GeomTeapotComponent.cpp */,
				57D832B8EF2640A7B81272E8 /* LightComponent.cpp */,
				4D2C0C4649FE426E8544DFF7 /* RoomComponent.cpp */,
				4FBEC3EE1B1158F300C59BA4 /* KinectComponent.cpp */,
				4FBEC4031B1257AB00C59BA4 /* BitComponent.cpp */,
				4F017F861B174DA9006F60F8 /* TunnelComponent.cpp */,
			);
			name = Components;
			sourceTree = "<group>";
		};
		B71A25DF0404418E9EFCA63A /* Lights */ = {
			isa = PBXGroup;
			children = (
				6B267CBDA840411BA28596A2 /* Light.h */,
				67D56CF619F54DD4A860BBDE /* LightManager.h */,
				DE04436C461E4DE0A408EA30 /* ShadowMap.h */,
			);
			name = Lights;
			sourceTree = "<group>";
		};
		B7E201CE82A24B91987B55F7 /* Actor */ = {
			isa = PBXGroup;
			children = (
				FE0F24F3D7004AC6BD756548 /* Actor.h */,
				276286C20CCC4D93B1591B76 /* ActorFactory.h */,
				C1D82218030B4EF28AE4989A /* ActorManager.h */,
				678040F21F8E4F5C81168190 /* FactoryBase.h */,
			);
			name = Actor;
			sourceTree = "<group>";
		};
		BF5937ECB14849BBABFC200C /* Scenes */ = {
			isa = PBXGroup;
			children = (
				8FB25C7C5C334B81A5CA5ED1 /* AppSceneBase.h */,
				64E0F1C43DF44A449C070377 /* Scenes.h */,
				4F0707301B1819FB00A7A450 /* TunnelScene.h */,
			);
			name = Scenes;
			sourceTree = "<group>";
		};
		D144F8490620410A9FD272A1 /* Events */ = {
			isa = PBXGroup;
			children = (
				AE5F7F38DFC34D599B7A788A /* Events.h */,
			);
			name = Events;
			sourceTree = "<group>";
		};
		D8A78818E9CB4820B72353EA /* src */ = {
			isa = PBXGroup;
			children = (
				4F7F74A31B14B399001E4B82 /* GUI */,
				4F7F74A41B14B3AE001E4B82 /* GUIManager.cpp */,
				0E2C98FC2EB04AFF896B1234 /* Event */,
				E22B238BE66943BA85F747E8 /* Actor */,
				6EBF41A6CF5741119375D8B9 /* Components */,
				71D36849968C45F89BADBA11 /* Scene */,
				26EA8C41C40645DBBAFC69AB /* System */,
			);
			name = src;
			sourceTree = "<group>";
		};
		E22B238BE66943BA85F747E8 /* Actor */ = {
			isa = PBXGroup;
			children = (
				FD2957154AF04A849EB5A871 /* Actor.cpp */,
				97CF72B0303E48BDB25D9993 /* ActorFactory.cpp */,
				048DC72368DE45129817C865 /* ActorManager.cpp */,
				11637E36E6484346B3E25C11 /* FactoryBase.cpp */,
			);
			name = Actor;
			sourceTree = "<group>";
		};
/* End PBXGroup section */

/* Begin PBXNativeTarget section */
		8D1107260486CEB800E47090 /* Kinect_Component_test */ = {
			isa = PBXNativeTarget;
			buildConfigurationList = C01FCF4A08A954540054247B /* Build configuration list for PBXNativeTarget "Kinect_Component_test" */;
			buildPhases = (
				8D1107290486CEB800E47090 /* Resources */,
				8D11072C0486CEB800E47090 /* Sources */,
				8D11072E0486CEB800E47090 /* Frameworks */,
			);
			buildRules = (
			);
			dependencies = (
			);
			name = Kinect_Component_test;
			productInstallPath = "$(HOME)/Applications";
			productName = Kinect_Component_test;
			productReference = 8D1107320486CEB800E47090 /* Kinect_Component_test.app */;
			productType = "com.apple.product-type.application";
		};
/* End PBXNativeTarget section */

/* Begin PBXProject section */
		29B97313FDCFA39411CA2CEA /* Project object */ = {
			isa = PBXProject;
			attributes = {
			};
			buildConfigurationList = C01FCF4E08A954540054247B /* Build configuration list for PBXProject "Kinect_Component_test" */;
			compatibilityVersion = "Xcode 3.2";
			developmentRegion = English;
			hasScannedForEncodings = 1;
			knownRegions = (
				English,
				Japanese,
				French,
				German,
			);
			mainGroup = 29B97314FDCFA39411CA2CEA /* Kinect_Component_test */;
			projectDirPath = "";
			projectRoot = "";
			targets = (
				8D1107260486CEB800E47090 /* Kinect_Component_test */,
			);
		};
/* End PBXProject section */

/* Begin PBXResourcesBuildPhase section */
		8D1107290486CEB800E47090 /* Resources */ = {
			isa = PBXResourcesBuildPhase;
			buildActionMask = 2147483647;
			files = (
				4FBEC4011B11628700C59BA4 /* kinect_shadow.frag in Resources */,
				4FBEC4081B12599D00C59BA4 /* bit.frag in Resources */,
				4FBEC40C1B1259B000C59BA4 /* bit_shadow.frag in Resources */,
				4F0707621B18F7BA00A7A450 /* tunnel_geometry.frag in Resources */,
				4FBEC40A1B1259A700C59BA4 /* bit_shadow.vert in Resources */,
				4F017F8A1B1760EB006F60F8 /* tunnel_basic.frag in Resources */,
				4FBEC3FD1B115C1F00C59BA4 /* curl_noise.glsl in Resources */,
				4FBEC4061B12599500C59BA4 /* bit.vert in Resources */,
				4FBEC3FF1B115F3000C59BA4 /* lighting_util.glsl in Resources */,
				B4B39034E7B04425A683736E /* CinderApp.icns in Resources */,
				4F0707381B18239500A7A450 /* simplex_noise.glsl in Resources */,
				4F0707671B19245100A7A450 /* fxaa.frag in Resources */,
				4FBEC3F31B115A3D00C59BA4 /* kinect_lighting.frag in Resources */,
				4FBEC3F91B115A7E00C59BA4 /* kinect_lighting.geom in Resources */,
				4F0707351B181CED00A7A450 /* tunnel_shadow.frag in Resources */,
				4F017F8B1B1760EB006F60F8 /* tunnel_basic.vert in Resources */,
				4FBEC3EB1B11544900C59BA4 /* lighting.frag in Resources */,
				4F0707581B18F30800A7A450 /* ss_lighting.frag in Resources */,
				4FBEC3F11B115A3000C59BA4 /* kinect_lighting.vert in Resources */,
				4FBEC3F71B115A6200C59BA4 /* kinect_shadow.vert in Resources */,
				4FBEC3EC1B11544900C59BA4 /* lighting.vert in Resources */,
				4FBEC3EA1B11544900C59BA4 /* config.json in Resources */,
				4F07075E1B18F7A100A7A450 /* tunnel_geometry.vert in Resources */,
				4F07075C1B18F73B00A7A450 /* material_util.glsl in Resources */,
				4FBEC3F51B115A5200C59BA4 /* kinect_shadow.geom in Resources */,
				4F07073A1B18240C00A7A450 /* linear_map.glsl in Resources */,
				4F0707361B181CED00A7A450 /* tunnel_shadow.vert in Resources */,
				4F07075A1B18F3C100A7A450 /* gbuffer_util.glsl in Resources */,
				4F07072F1B1816B700A7A450 /* tunnel_basic.geom in Resources */,
				4F0707601B18F7AE00A7A450 /* tunnel_geometry.geom in Resources */,
				4FBEC3FC1B115C1F00C59BA4 /* kinect_util.glsl in Resources */,
				4F0707561B18F2FD00A7A450 /* ss_lighting.vert in Resources */,
				4FBEC40E1B136EAA00C59BA4 /* bit.geom in Resources */,
				4F0707691B19248800A7A450 /* pass.vert in Resources */,
			);
			runOnlyForDeploymentPostprocessing = 0;
		};
/* End PBXResourcesBuildPhase section */

/* Begin PBXSourcesBuildPhase section */
		8D11072C0486CEB800E47090 /* Sources */ = {
			isa = PBXSourcesBuildPhase;
			buildActionMask = 2147483647;
			files = (
				1D008183743C450585D32E15 /* Kinect_Component_testApp.cpp in Sources */,
				54427083246D4B7687B80CAD /* EventManager.cpp in Sources */,
				9524F7EB8CDA4270A2FB38D9 /* EventManagerBase.cpp in Sources */,
				8406CA5109C84446882AB3A2 /* SystemEvents.cpp in Sources */,
				4F0707641B191E9900A7A450 /* FXAAPass.cpp in Sources */,
				598712FD452B4E57977E9FFA /* Actor.cpp in Sources */,
				E7E2E1718AEE406E86FDF34F /* ActorFactory.cpp in Sources */,
				B0315FC8DE264A7AB4F1E421 /* ActorManager.cpp in Sources */,
				4FBEC4041B1257AB00C59BA4 /* BitComponent.cpp in Sources */,
				44CD1FFC2B2A4981B03FE63B /* FactoryBase.cpp in Sources */,
				0432C1604DCE4E89B2E2EADA /* ComponentBase.cpp in Sources */,
				9E8656A6F38543E5A14CF5EE /* ComponentFactory.cpp in Sources */,
				4F0707451B18A92000A7A450 /* PassBase.cpp in Sources */,
				65757387062B415F8A051562 /* TransformComponent.cpp in Sources */,
				4F0707541B18C67600A7A450 /* RenderManager.cpp in Sources */,
				671126747FAA4A35A89DC7BB /* Scene.cpp in Sources */,
				BB2112E51BBB4F90B1367EB9 /* Common.cpp in Sources */,
				4F0707501B18C36A00A7A450 /* ComponentTemplate.cpp in Sources */,
				21BA9AAAF9DD43B28252C0B0 /* ConfigManager.cpp in Sources */,
				48107E18C4914AD39B7BFC57 /* Controller.cpp in Sources */,
				4F017F871B174DA9006F60F8 /* TunnelComponent.cpp in Sources */,
				4F07074E1B18C24600A7A450 /* ShadowPass.cpp in Sources */,
				81BFDA4A0D70452AB4FF2B26 /* CinderFreenect.cpp in Sources */,
				4B7AE683437F49349A63D2EC /* cameras.c in Sources */,
				4F07073F1B18A7E300A7A450 /* GBuffer.cpp in Sources */,
				55D918D8DE774A5EA3CB648C /* core.c in Sources */,
				FEAA1476A8524B0E985E90DE /* registration.c in Sources */,
				9DFEEEC8227A430481762C75 /* tilt.c in Sources */,
				167A4B8BCB47437D9BFC5247 /* usb_libusb10.c in Sources */,
				5C96CBDF827D49368B254F4D /* Events.cpp in Sources */,
				4076F834243A45DA8C82451C /* CameraComponent.cpp in Sources */,
				C8EF8CF12AA2407B8ED52335 /* Components.cpp in Sources */,
				AB9F7D2ECD5A4585A1A4F4F0 /* DebugComponent.cpp in Sources */,
				564179760D6B4A33AD69D902 /* FrustumCullComponent.cpp in Sources */,
				4F0707321B181A3600A7A450 /* TunnelScene.cpp in Sources */,
				B7DB4200C6D1441498507C8A /* GeomTeapotComponent.cpp in Sources */,
				4F0707481B18B58100A7A450 /* LightPass.cpp in Sources */,
				5F65C9EFA7164CAE96D43E7C /* LightComponent.cpp in Sources */,
				4F7F74A51B14B3AE001E4B82 /* GUIManager.cpp in Sources */,
				4F07074A1B18C0FB00A7A450 /* GBufferPass.cpp in Sources */,
				D15188F9C04348BE90D93154 /* RoomComponent.cpp in Sources */,
				4FBEC3EF1B1158F300C59BA4 /* KinectComponent.cpp in Sources */,
				7FA9478E34E34C08846F2BBF /* Light.cpp in Sources */,
				6A653175921F4670AB95150B /* LightManager.cpp in Sources */,
				99D71820C7AE4A898412AA50 /* ShadowMap.cpp in Sources */,
				155CC9333F814580B0236FCB /* AppSceneBase.cpp in Sources */,
				3F0BA261E21D4289813A9B97 /* Scenes.cpp in Sources */,
				9018B6E694D74D54B6318678 /* CameraManager.cpp in Sources */,
			);
			runOnlyForDeploymentPostprocessing = 0;
		};
/* End PBXSourcesBuildPhase section */

/* Begin XCBuildConfiguration section */
		C01FCF4B08A954540054247B /* Debug */ = {
			isa = XCBuildConfiguration;
			buildSettings = {
				COMBINE_HIDPI_IMAGES = YES;
				COPY_PHASE_STRIP = NO;
				DEAD_CODE_STRIPPING = YES;
				GCC_DYNAMIC_NO_PIC = NO;
				GCC_INLINES_ARE_PRIVATE_EXTERN = YES;
				GCC_OPTIMIZATION_LEVEL = 0;
				GCC_PRECOMPILE_PREFIX_HEADER = YES;
				GCC_PREFIX_HEADER = Kinect_Component_test_Prefix.pch;
				GCC_PREPROCESSOR_DEFINITIONS = (
					"DEBUG=1",
					"$(inherited)",
				);
				GCC_SYMBOLS_PRIVATE_EXTERN = NO;
				INFOPLIST_FILE = Info.plist;
				INSTALL_PATH = "$(HOME)/Applications";
				OTHER_LDFLAGS = (
					"\"$(CINDER_PATH)/lib/libcinder_d.a\"",
					"\"../blocks/Cinder-Freenect/lib/macosx/libusb-1.0.a\"",
				);
				PRODUCT_NAME = Kinect_Component_test;
				SYMROOT = ./build;
				WRAPPER_EXTENSION = app;
			};
			name = Debug;
		};
		C01FCF4C08A954540054247B /* Release */ = {
			isa = XCBuildConfiguration;
			buildSettings = {
				COMBINE_HIDPI_IMAGES = YES;
				DEAD_CODE_STRIPPING = YES;
				DEBUG_INFORMATION_FORMAT = "dwarf-with-dsym";
				GCC_FAST_MATH = YES;
				GCC_GENERATE_DEBUGGING_SYMBOLS = NO;
				GCC_INLINES_ARE_PRIVATE_EXTERN = YES;
				GCC_OPTIMIZATION_LEVEL = 3;
				GCC_PRECOMPILE_PREFIX_HEADER = YES;
				GCC_PREFIX_HEADER = Kinect_Component_test_Prefix.pch;
				GCC_PREPROCESSOR_DEFINITIONS = (
					"NDEBUG=1",
					"$(inherited)",
				);
				GCC_SYMBOLS_PRIVATE_EXTERN = NO;
				INFOPLIST_FILE = Info.plist;
				INSTALL_PATH = "$(HOME)/Applications";
				OTHER_LDFLAGS = (
					"\"$(CINDER_PATH)/lib/libcinder.a\"",
					"\"../blocks/Cinder-Freenect/lib/macosx/libusb-1.0.a\"",
				);
				PRODUCT_NAME = Kinect_Component_test;
				STRIP_INSTALLED_PRODUCT = YES;
				SYMROOT = ./build;
				WRAPPER_EXTENSION = app;
			};
			name = Release;
		};
		C01FCF4F08A954540054247B /* Debug */ = {
			isa = XCBuildConfiguration;
			buildSettings = {
				ALWAYS_SEARCH_USER_PATHS = NO;
				ARCHS = x86_64;
				CINDER_PATH = ../../../../..;
				CLANG_CXX_LANGUAGE_STANDARD = "c++0x";
				CLANG_CXX_LIBRARY = "libc++";
				GCC_WARN_ABOUT_RETURN_TYPE = YES;
				GCC_WARN_UNUSED_VARIABLE = YES;
				HEADER_SEARCH_PATHS = (
					"\"$(CINDER_PATH)/boost\"",
					"\"../blocks/Cinder-Freenect/src/freenect\"",
				);
				MACOSX_DEPLOYMENT_TARGET = 10.8;
				SDKROOT = macosx;
				USER_HEADER_SEARCH_PATHS = "\"$(CINDER_PATH)/include\" ../include ../blocks/Ecstatic/include \"../blocks/Cinder-Freenect/src\" ../../../include";
			};
			name = Debug;
		};
		C01FCF5008A954540054247B /* Release */ = {
			isa = XCBuildConfiguration;
			buildSettings = {
				ALWAYS_SEARCH_USER_PATHS = NO;
				ARCHS = x86_64;
				CINDER_PATH = ../../../../..;
				CLANG_CXX_LANGUAGE_STANDARD = "c++0x";
				CLANG_CXX_LIBRARY = "libc++";
				GCC_WARN_ABOUT_RETURN_TYPE = YES;
				GCC_WARN_UNUSED_VARIABLE = YES;
				HEADER_SEARCH_PATHS = (
					"\"$(CINDER_PATH)/boost\"",
					"\"../blocks/Cinder-Freenect/src/freenect\"",
				);
				MACOSX_DEPLOYMENT_TARGET = 10.8;
				SDKROOT = macosx;
				USER_HEADER_SEARCH_PATHS = "\"$(CINDER_PATH)/include\" ../include ../blocks/Ecstatic/include \"../blocks/Cinder-Freenect/src\" ../../../include";
			};
			name = Release;
		};
/* End XCBuildConfiguration section */

/* Begin XCConfigurationList section */
		C01FCF4A08A954540054247B /* Build configuration list for PBXNativeTarget "Kinect_Component_test" */ = {
			isa = XCConfigurationList;
			buildConfigurations = (
				C01FCF4B08A954540054247B /* Debug */,
				C01FCF4C08A954540054247B /* Release */,
			);
			defaultConfigurationIsVisible = 0;
			defaultConfigurationName = Release;
		};
		C01FCF4E08A954540054247B /* Build configuration list for PBXProject "Kinect_Component_test" */ = {
			isa = XCConfigurationList;
			buildConfigurations = (
				C01FCF4F08A954540054247B /* Debug */,
				C01FCF5008A954540054247B /* Release */,
			);
			defaultConfigurationIsVisible = 0;
			defaultConfigurationName = Release;
		};
/* End XCConfigurationList section */
	};
	rootObject = 29B97313FDCFA39411CA2CEA /* Project object */;
}
